
Microsoft Visual Studio Solution File, Format Version 12.00
# Visual Studio Version 17
VisualStudioVersion = 17.5.33530.505
MinimumVisualStudioVersion = 10.0.40219.1
Project("{FAE04EC0-301F-11D3-BF4B-00C04F79EFBC}") = "back_nomina", "back_nomina\back_nomina.csproj", "{96F389ED-8075-4FA0-9413-194C30F6BED2}"
EndProject
Global
	GlobalSection(SolutionConfigurationPlatforms) = preSolution
		Debug|Any CPU = Debug|Any CPU
		Release|Any CPU = Release|Any CPU
	EndGlobalSection
	GlobalSection(ProjectConfigurationPlatforms) = postSolution
		{96F389ED-8075-4FA0-9413-194C30F6BED2}.Debug|Any CPU.ActiveCfg = Debug|Any CPU
		{96F389ED-8075-4FA0-9413-194C30F6BED2}.Debug|Any CPU.Build.0 = Debug|Any CPU
		{96F389ED-8075-4FA0-9413-194C30F6BED2}.Release|Any CPU.ActiveCfg = Release|Any CPU
		{96F389ED-8075-4FA0-9413-194C30F6BED2}.Release|Any CPU.Build.0 = Release|Any CPU
	EndGlobalSection
	GlobalSection(SolutionProperties) = preSolution
		HideSolutionNode = FALSE
	EndGlobalSection
	GlobalSection(ExtensibilityGlobals) = postSolution
		SolutionGuid = {9F2585C8-13B4-4942-9D5C-E7B7E850D1E7}
	EndGlobalSection
EndGlobal
